// !$*UTF8*$!
{
	archiveVersion = 1;
	classes = {
	};
	objectVersion = 50;
	objects = {

/* Begin PBXBuildFile section */
		D7837CF0231E8FF200B6926C /* AppDelegate.swift in Sources */ = {isa = PBXBuildFile; fileRef = D7837CEF231E8FF200B6926C /* AppDelegate.swift */; };
		D7837CF5231E8FF200B6926C /* Main.storyboard in Resources */ = {isa = PBXBuildFile; fileRef = D7837CF3231E8FF200B6926C /* Main.storyboard */; };
		D7837CFD231E8FF300B6926C /* LaunchScreen.storyboard in Resources */ = {isa = PBXBuildFile; fileRef = D7837CFB231E8FF300B6926C /* LaunchScreen.storyboard */; };
		D7837D0F231E95B500B6926C /* DatabaseProtocol.swift in Sources */ = {isa = PBXBuildFile; fileRef = D7837D0E231E95B500B6926C /* DatabaseProtocol.swift */; };
		D7837D11231E9BC200B6926C /* CoreDataController.swift in Sources */ = {isa = PBXBuildFile; fileRef = D7837D10231E9BC200B6926C /* CoreDataController.swift */; };
		D7837D13231EA1B700B6926C /* MulticastDelegate.swift in Sources */ = {isa = PBXBuildFile; fileRef = D7837D12231EA1B700B6926C /* MulticastDelegate.swift */; };
		D7837D15231EC15C00B6926C /* AllSightsTableViewController.swift in Sources */ = {isa = PBXBuildFile; fileRef = D7837D14231EC15C00B6926C /* AllSightsTableViewController.swift */; };
		D7837D17231EC17D00B6926C /* SightTableViewCell.swift in Sources */ = {isa = PBXBuildFile; fileRef = D7837D16231EC17D00B6926C /* SightTableViewCell.swift */; };
		D7837D19231ED32400B6926C /* SightMapViewController.swift in Sources */ = {isa = PBXBuildFile; fileRef = D7837D18231ED32400B6926C /* SightMapViewController.swift */; };
		D7837D1B231ED36D00B6926C /* AddSightViewController.swift in Sources */ = {isa = PBXBuildFile; fileRef = D7837D1A231ED36D00B6926C /* AddSightViewController.swift */; };
		D7837D1D231ED3B500B6926C /* EditSightViewController.swift in Sources */ = {isa = PBXBuildFile; fileRef = D7837D1C231ED3B500B6926C /* EditSightViewController.swift */; };
		D7837D1F231ED3F100B6926C /* DetailSightViewController.swift in Sources */ = {isa = PBXBuildFile; fileRef = D7837D1E231ED3F100B6926C /* DetailSightViewController.swift */; };
		D7837D21231ED68300B6926C /* LocationAnnotation.swift in Sources */ = {isa = PBXBuildFile; fileRef = D7837D20231ED68300B6926C /* LocationAnnotation.swift */; };
		D7837D23231EDC9700B6926C /* SetPictureForSightViewController.swift in Sources */ = {isa = PBXBuildFile; fileRef = D7837D22231EDC9700B6926C /* SetPictureForSightViewController.swift */; };
		D7E33244231FC75D0080801A /* SightTourInMelbourne.xcdatamodeld in Sources */ = {isa = PBXBuildFile; fileRef = D7E33242231FC75D0080801A /* SightTourInMelbourne.xcdatamodeld */; };
		D7E33247231FC7F80080801A /* Sight+CoreDataClass.swift in Sources */ = {isa = PBXBuildFile; fileRef = D7E33245231FC7F80080801A /* Sight+CoreDataClass.swift */; };
		D7E33248231FC7F80080801A /* Sight+CoreDataProperties.swift in Sources */ = {isa = PBXBuildFile; fileRef = D7E33246231FC7F80080801A /* Sight+CoreDataProperties.swift */; };
		D7E3324C23200B060080801A /* Assets.xcassets in Resources */ = {isa = PBXBuildFile; fileRef = D7E3324B23200B060080801A /* Assets.xcassets */; };
/* End PBXBuildFile section */

/* Begin PBXFileReference section */
		D7837CEC231E8FF200B6926C /* SightTourInMelbourne.app */ = {isa = PBXFileReference; explicitFileType = wrapper.application; includeInIndex = 0; path = SightTourInMelbourne.app; sourceTree = BUILT_PRODUCTS_DIR; };
		D7837CEF231E8FF200B6926C /* AppDelegate.swift */ = {isa = PBXFileReference; lastKnownFileType = sourcecode.swift; path = AppDelegate.swift; sourceTree = "<group>"; };
		D7837CF4231E8FF200B6926C /* Base */ = {isa = PBXFileReference; lastKnownFileType = file.storyboard; name = Base; path = Base.lproj/Main.storyboard; sourceTree = "<group>"; };
		D7837CFC231E8FF300B6926C /* Base */ = {isa = PBXFileReference; lastKnownFileType = file.storyboard; name = Base; path = Base.lproj/LaunchScreen.storyboard; sourceTree = "<group>"; };
		D7837CFE231E8FF300B6926C /* Info.plist */ = {isa = PBXFileReference; lastKnownFileType = text.plist.xml; path = Info.plist; sourceTree = "<group>"; };
		D7837D0E231E95B500B6926C /* DatabaseProtocol.swift */ = {isa = PBXFileReference; lastKnownFileType = sourcecode.swift; path = DatabaseProtocol.swift; sourceTree = "<group>"; };
		D7837D10231E9BC200B6926C /* CoreDataController.swift */ = {isa = PBXFileReference; lastKnownFileType = sourcecode.swift; path = CoreDataController.swift; sourceTree = "<group>"; };
		D7837D12231EA1B700B6926C /* MulticastDelegate.swift */ = {isa = PBXFileReference; lastKnownFileType = sourcecode.swift; path = MulticastDelegate.swift; sourceTree = "<group>"; };
		D7837D14231EC15C00B6926C /* AllSightsTableViewController.swift */ = {isa = PBXFileReference; lastKnownFileType = sourcecode.swift; path = AllSightsTableViewController.swift; sourceTree = "<group>"; };
		D7837D16231EC17D00B6926C /* SightTableViewCell.swift */ = {isa = PBXFileReference; lastKnownFileType = sourcecode.swift; path = SightTableViewCell.swift; sourceTree = "<group>"; };
		D7837D18231ED32400B6926C /* SightMapViewController.swift */ = {isa = PBXFileReference; lastKnownFileType = sourcecode.swift; path = SightMapViewController.swift; sourceTree = "<group>"; };
		D7837D1A231ED36D00B6926C /* AddSightViewController.swift */ = {isa = PBXFileReference; lastKnownFileType = sourcecode.swift; path = AddSightViewController.swift; sourceTree = "<group>"; };
		D7837D1C231ED3B500B6926C /* EditSightViewController.swift */ = {isa = PBXFileReference; lastKnownFileType = sourcecode.swift; path = EditSightViewController.swift; sourceTree = "<group>"; };
		D7837D1E231ED3F100B6926C /* DetailSightViewController.swift */ = {isa = PBXFileReference; lastKnownFileType = sourcecode.swift; path = DetailSightViewController.swift; sourceTree = "<group>"; };
		D7837D20231ED68300B6926C /* LocationAnnotation.swift */ = {isa = PBXFileReference; lastKnownFileType = sourcecode.swift; path = LocationAnnotation.swift; sourceTree = "<group>"; };
		D7837D22231EDC9700B6926C /* SetPictureForSightViewController.swift */ = {isa = PBXFileReference; lastKnownFileType = sourcecode.swift; path = SetPictureForSightViewController.swift; sourceTree = "<group>"; };
		D7E33243231FC75D0080801A /* SightTourInMelbourne.xcdatamodel */ = {isa = PBXFileReference; lastKnownFileType = wrapper.xcdatamodel; path = SightTourInMelbourne.xcdatamodel; sourceTree = "<group>"; };
		D7E33245231FC7F80080801A /* Sight+CoreDataClass.swift */ = {isa = PBXFileReference; lastKnownFileType = sourcecode.swift; path = "Sight+CoreDataClass.swift"; sourceTree = "<group>"; };
		D7E33246231FC7F80080801A /* Sight+CoreDataProperties.swift */ = {isa = PBXFileReference; lastKnownFileType = sourcecode.swift; path = "Sight+CoreDataProperties.swift"; sourceTree = "<group>"; };
		D7E3324B23200B060080801A /* Assets.xcassets */ = {isa = PBXFileReference; lastKnownFileType = folder.assetcatalog; path = Assets.xcassets; sourceTree = "<group>"; };
/* End PBXFileReference section */

/* Begin PBXFrameworksBuildPhase section */
		D7837CE9231E8FF200B6926C /* Frameworks */ = {
			isa = PBXFrameworksBuildPhase;
			buildActionMask = 2147483647;
			files = (
			);
			runOnlyForDeploymentPostprocessing = 0;
		};
/* End PBXFrameworksBuildPhase section */

/* Begin PBXGroup section */
		D7837CE3231E8FF200B6926C = {
			isa = PBXGroup;
			children = (
				D7837CEE231E8FF200B6926C /* SightTourInMelbourne */,
				D7837CED231E8FF200B6926C /* Products */,
			);
			sourceTree = "<group>";
		};
		D7837CED231E8FF200B6926C /* Products */ = {
			isa = PBXGroup;
			children = (
				D7837CEC231E8FF200B6926C /* SightTourInMelbourne.app */,
			);
			name = Products;
			sourceTree = "<group>";
		};
		D7837CEE231E8FF200B6926C /* SightTourInMelbourne */ = {
			isa = PBXGroup;
			children = (
				D7E3324B23200B060080801A /* Assets.xcassets */,
				D7837D0D231E956400B6926C /* DataBase */,
				D7837D04231E903000B6926C /* CoreData */,
				D7837CEF231E8FF200B6926C /* AppDelegate.swift */,
				D7837D1A231ED36D00B6926C /* AddSightViewController.swift */,
				D7837D1C231ED3B500B6926C /* EditSightViewController.swift */,
				D7837D1E231ED3F100B6926C /* DetailSightViewController.swift */,
				D7837D14231EC15C00B6926C /* AllSightsTableViewController.swift */,
				D7837D16231EC17D00B6926C /* SightTableViewCell.swift */,
				D7837D18231ED32400B6926C /* SightMapViewController.swift */,
				D7837D22231EDC9700B6926C /* SetPictureForSightViewController.swift */,
				D7837D20231ED68300B6926C /* LocationAnnotation.swift */,
				D7837CF3231E8FF200B6926C /* Main.storyboard */,
				D7837CFB231E8FF300B6926C /* LaunchScreen.storyboard */,
				D7837CFE231E8FF300B6926C /* Info.plist */,
			);
			path = SightTourInMelbourne;
			sourceTree = "<group>";
		};
		D7837D04231E903000B6926C /* CoreData */ = {
			isa = PBXGroup;
			children = (
				D7E33245231FC7F80080801A /* Sight+CoreDataClass.swift */,
				D7E33246231FC7F80080801A /* Sight+CoreDataProperties.swift */,
				D7E33242231FC75D0080801A /* SightTourInMelbourne.xcdatamodeld */,
			);
			path = CoreData;
			sourceTree = "<group>";
		};
		D7837D0D231E956400B6926C /* DataBase */ = {
			isa = PBXGroup;
			children = (
				D7837D0E231E95B500B6926C /* DatabaseProtocol.swift */,
				D7837D10231E9BC200B6926C /* CoreDataController.swift */,
				D7837D12231EA1B700B6926C /* MulticastDelegate.swift */,
			);
			path = DataBase;
			sourceTree = "<group>";
		};
/* End PBXGroup section */

/* Begin PBXNativeTarget section */
		D7837CEB231E8FF200B6926C /* SightTourInMelbourne */ = {
			isa = PBXNativeTarget;
			buildConfigurationList = D7837D01231E8FF300B6926C /* Build configuration list for PBXNativeTarget "SightTourInMelbourne" */;
			buildPhases = (
				D7837CE8231E8FF200B6926C /* Sources */,
				D7837CE9231E8FF200B6926C /* Frameworks */,
				D7837CEA231E8FF200B6926C /* Resources */,
			);
			buildRules = (
			);
			dependencies = (
			);
			name = SightTourInMelbourne;
			productName = SightTourInMelbourne;
			productReference = D7837CEC231E8FF200B6926C /* SightTourInMelbourne.app */;
			productType = "com.apple.product-type.application";
		};
/* End PBXNativeTarget section */

/* Begin PBXProject section */
		D7837CE4231E8FF200B6926C /* Project object */ = {
			isa = PBXProject;
			attributes = {
				LastSwiftUpdateCheck = 1030;
				LastUpgradeCheck = 1030;
				ORGANIZATIONNAME = "Leo Mingzhe";
				TargetAttributes = {
					D7837CEB231E8FF200B6926C = {
						CreatedOnToolsVersion = 10.3;
					};
				};
			};
			buildConfigurationList = D7837CE7231E8FF200B6926C /* Build configuration list for PBXProject "SightTourInMelbourne" */;
			compatibilityVersion = "Xcode 9.3";
			developmentRegion = en;
			hasScannedForEncodings = 0;
			knownRegions = (
				en,
				Base,
			);
			mainGroup = D7837CE3231E8FF200B6926C;
			productRefGroup = D7837CED231E8FF200B6926C /* Products */;
			projectDirPath = "";
			projectRoot = "";
			targets = (
				D7837CEB231E8FF200B6926C /* SightTourInMelbourne */,
			);
		};
/* End PBXProject section */

/* Begin PBXResourcesBuildPhase section */
		D7837CEA231E8FF200B6926C /* Resources */ = {
			isa = PBXResourcesBuildPhase;
			buildActionMask = 2147483647;
			files = (
				D7837CFD231E8FF300B6926C /* LaunchScreen.storyboard in Resources */,
				D7E3324C23200B060080801A /* Assets.xcassets in Resources */,
				D7837CF5231E8FF200B6926C /* Main.storyboard in Resources */,
			);
			runOnlyForDeploymentPostprocessing = 0;
		};
/* End PBXResourcesBuildPhase section */

/* Begin PBXSourcesBuildPhase section */
		D7837CE8231E8FF200B6926C /* Sources */ = {
			isa = PBXSourcesBuildPhase;
			buildActionMask = 2147483647;
			files = (
				D7837D1B231ED36D00B6926C /* AddSightViewController.swift in Sources */,
				D7837D15231EC15C00B6926C /* AllSightsTableViewController.swift in Sources */,
				D7837D1D231ED3B500B6926C /* EditSightViewController.swift in Sources */,
				D7837D0F231E95B500B6926C /* DatabaseProtocol.swift in Sources */,
				D7837D19231ED32400B6926C /* SightMapViewController.swift in Sources */,
				D7E33247231FC7F80080801A /* Sight+CoreDataClass.swift in Sources */,
				D7E33244231FC75D0080801A /* SightTourInMelbourne.xcdatamodeld in Sources */,
				D7837CF0231E8FF200B6926C /* AppDelegate.swift in Sources */,
				D7837D21231ED68300B6926C /* LocationAnnotation.swift in Sources */,
				D7837D17231EC17D00B6926C /* SightTableViewCell.swift in Sources */,
				D7837D11231E9BC200B6926C /* CoreDataController.swift in Sources */,
				D7837D1F231ED3F100B6926C /* DetailSightViewController.swift in Sources */,
				D7837D13231EA1B700B6926C /* MulticastDelegate.swift in Sources */,
				D7837D23231EDC9700B6926C /* SetPictureForSightViewController.swift in Sources */,
				D7E33248231FC7F80080801A /* Sight+CoreDataProperties.swift in Sources */,
			);
			runOnlyForDeploymentPostprocessing = 0;
		};
/* End PBXSourcesBuildPhase section */

/* Begin PBXVariantGroup section */
		D7837CF3231E8FF200B6926C /* Main.storyboard */ = {
			isa = PBXVariantGroup;
			children = (
				D7837CF4231E8FF200B6926C /* Base */,
			);
			name = Main.storyboard;
			sourceTree = "<group>";
		};
		D7837CFB231E8FF300B6926C /* LaunchScreen.storyboard */ = {
			isa = PBXVariantGroup;
			children = (
				D7837CFC231E8FF300B6926C /* Base */,
			);
			name = LaunchScreen.storyboard;
			sourceTree = "<group>";
		};
/* End PBXVariantGroup section */

/* Begin XCBuildConfiguration section */
		D7837CFF231E8FF300B6926C /* Debug */ = {
			isa = XCBuildConfiguration;
			buildSettings = {
				ALWAYS_SEARCH_USER_PATHS = NO;
				CLANG_ANALYZER_NONNULL = YES;
				CLANG_ANALYZER_NUMBER_OBJECT_CONVERSION = YES_AGGRESSIVE;
				CLANG_CXX_LANGUAGE_STANDARD = "gnu++14";
				CLANG_CXX_LIBRARY = "libc++";
				CLANG_ENABLE_MODULES = YES;
				CLANG_ENABLE_OBJC_ARC = YES;
				CLANG_ENABLE_OBJC_WEAK = YES;
				CLANG_WARN_BLOCK_CAPTURE_AUTORELEASING = YES;
				CLANG_WARN_BOOL_CONVERSION = YES;
				CLANG_WARN_COMMA = YES;
				CLANG_WARN_CONSTANT_CONVERSION = YES;
				CLANG_WARN_DEPRECATED_OBJC_IMPLEMENTATIONS = YES;
				CLANG_WARN_DIRECT_OBJC_ISA_USAGE = YES_ERROR;
				CLANG_WARN_DOCUMENTATION_COMMENTS = YES;
				CLANG_WARN_EMPTY_BODY = YES;
				CLANG_WARN_ENUM_CONVERSION = YES;
				CLANG_WARN_INFINITE_RECURSION = YES;
				CLANG_WARN_INT_CONVERSION = YES;
				CLANG_WARN_NON_LITERAL_NULL_CONVERSION = YES;
				CLANG_WARN_OBJC_IMPLICIT_RETAIN_SELF = YES;
				CLANG_WARN_OBJC_LITERAL_CONVERSION = YES;
				CLANG_WARN_OBJC_ROOT_CLASS = YES_ERROR;
				CLANG_WARN_RANGE_LOOP_ANALYSIS = YES;
				CLANG_WARN_STRICT_PROTOTYPES = YES;
				CLANG_WARN_SUSPICIOUS_MOVE = YES;
				CLANG_WARN_UNGUARDED_AVAILABILITY = YES_AGGRESSIVE;
				CLANG_WARN_UNREACHABLE_CODE = YES;
				CLANG_WARN__DUPLICATE_METHOD_MATCH = YES;
				CODE_SIGN_IDENTITY = "iPhone Developer";
				COPY_PHASE_STRIP = NO;
				DEBUG_INFORMATION_FORMAT = dwarf;
				ENABLE_STRICT_OBJC_MSGSEND = YES;
				ENABLE_TESTABILITY = YES;
				GCC_C_LANGUAGE_STANDARD = gnu11;
				GCC_DYNAMIC_NO_PIC = NO;
				GCC_NO_COMMON_BLOCKS = YES;
				GCC_OPTIMIZATION_LEVEL = 0;
				GCC_PREPROCESSOR_DEFINITIONS = (
					"DEBUG=1",
					"$(inherited)",
				);
				GCC_WARN_64_TO_32_BIT_CONVERSION = YES;
				GCC_WARN_ABOUT_RETURN_TYPE = YES_ERROR;
				GCC_WARN_UNDECLARED_SELECTOR = YES;
				GCC_WARN_UNINITIALIZED_AUTOS = YES_AGGRESSIVE;
				GCC_WARN_UNUSED_FUNCTION = YES;
				GCC_WARN_UNUSED_VARIABLE = YES;
				IPHONEOS_DEPLOYMENT_TARGET = 12.4;
				MTL_ENABLE_DEBUG_INFO = INCLUDE_SOURCE;
				MTL_FAST_MATH = YES;
				ONLY_ACTIVE_ARCH = YES;
				SDKROOT = iphoneos;
				SWIFT_ACTIVE_COMPILATION_CONDITIONS = DEBUG;
				SWIFT_OPTIMIZATION_LEVEL = "-Onone";
			};
			name = Debug;
		};
		D7837D00231E8FF300B6926C /* Release */ = {
			isa = XCBuildConfiguration;
			buildSettings = {
				ALWAYS_SEARCH_USER_PATHS = NO;
				CLANG_ANALYZER_NONNULL = YES;
				CLANG_ANALYZER_NUMBER_OBJECT_CONVERSION = YES_AGGRESSIVE;
				CLANG_CXX_LANGUAGE_STANDARD = "gnu++14";
				CLANG_CXX_LIBRARY = "libc++";
				CLANG_ENABLE_MODULES = YES;
				CLANG_ENABLE_OBJC_ARC = YES;
				CLANG_ENABLE_OBJC_WEAK = YES;
				CLANG_WARN_BLOCK_CAPTURE_AUTORELEASING = YES;
				CLANG_WARN_BOOL_CONVERSION = YES;
				CLANG_WARN_COMMA = YES;
				CLANG_WARN_CONSTANT_CONVERSION = YES;
				CLANG_WARN_DEPRECATED_OBJC_IMPLEMENTATIONS = YES;
				CLANG_WARN_DIRECT_OBJC_ISA_USAGE = YES_ERROR;
				CLANG_WARN_DOCUMENTATION_COMMENTS = YES;
				CLANG_WARN_EMPTY_BODY = YES;
				CLANG_WARN_ENUM_CONVERSION = YES;
				CLANG_WARN_INFINITE_RECURSION = YES;
				CLANG_WARN_INT_CONVERSION = YES;
				CLANG_WARN_NON_LITERAL_NULL_CONVERSION = YES;
				CLANG_WARN_OBJC_IMPLICIT_RETAIN_SELF = YES;
				CLANG_WARN_OBJC_LITERAL_CONVERSION = YES;
				CLANG_WARN_OBJC_ROOT_CLASS = YES_ERROR;
				CLANG_WARN_RANGE_LOOP_ANALYSIS = YES;
				CLANG_WARN_STRICT_PROTOTYPES = YES;
				CLANG_WARN_SUSPICIOUS_MOVE = YES;
				CLANG_WARN_UNGUARDED_AVAILABILITY = YES_AGGRESSIVE;
				CLANG_WARN_UNREACHABLE_CODE = YES;
				CLANG_WARN__DUPLICATE_METHOD_MATCH = YES;
				CODE_SIGN_IDENTITY = "iPhone Developer";
				COPY_PHASE_STRIP = NO;
				DEBUG_INFORMATION_FORMAT = "dwarf-with-dsym";
				ENABLE_NS_ASSERTIONS = NO;
				ENABLE_STRICT_OBJC_MSGSEND = YES;
				GCC_C_LANGUAGE_STANDARD = gnu11;
				GCC_NO_COMMON_BLOCKS = YES;
				GCC_WARN_64_TO_32_BIT_CONVERSION = YES;
				GCC_WARN_ABOUT_RETURN_TYPE = YES_ERROR;
				GCC_WARN_UNDECLARED_SELECTOR = YES;
				GCC_WARN_UNINITIALIZED_AUTOS = YES_AGGRESSIVE;
				GCC_WARN_UNUSED_FUNCTION = YES;
				GCC_WARN_UNUSED_VARIABLE = YES;
				IPHONEOS_DEPLOYMENT_TARGET = 12.4;
				MTL_ENABLE_DEBUG_INFO = NO;
				MTL_FAST_MATH = YES;
				SDKROOT = iphoneos;
				SWIFT_COMPILATION_MODE = wholemodule;
				SWIFT_OPTIMIZATION_LEVEL = "-O";
				VALIDATE_PRODUCT = YES;
			};
			name = Release;
		};
		D7837D02231E8FF300B6926C /* Debug */ = {
			isa = XCBuildConfiguration;
			buildSettings = {
				CODE_SIGN_STYLE = Automatic;
				DEVELOPMENT_TEAM = V2DH6QWJ26;
				INFOPLIST_FILE = SightTourInMelbourne/Info.plist;
				LD_RUNPATH_SEARCH_PATHS = (
					"$(inherited)",
					"@executable_path/Frameworks",
				);
				PRODUCT_BUNDLE_IDENTIFIER = com.leo.SightTourInMelbourne;
				PRODUCT_NAME = "$(TARGET_NAME)";
				SWIFT_VERSION = 5.0;
				TARGETED_DEVICE_FAMILY = "1,2";
			};
			name = Debug;
		};
		D7837D03231E8FF300B6926C /* Release */ = {
			isa = XCBuildConfiguration;
			buildSettings = {
				CODE_SIGN_STYLE = Automatic;
				DEVELOPMENT_TEAM = V2DH6QWJ26;
				INFOPLIST_FILE = SightTourInMelbourne/Info.plist;
				LD_RUNPATH_SEARCH_PATHS = (
					"$(inherited)",
					"@executable_path/Frameworks",
				);
				PRODUCT_BUNDLE_IDENTIFIER = com.leo.SightTourInMelbourne;
				PRODUCT_NAME = "$(TARGET_NAME)";
				SWIFT_VERSION = 5.0;
				TARGETED_DEVICE_FAMILY = "1,2";
			};
			name = Release;
		};
/* End XCBuildConfiguration section */

/* Begin XCConfigurationList section */
		D7837CE7231E8FF200B6926C /* Build configuration list for PBXProject "SightTourInMelbourne" */ = {
			isa = XCConfigurationList;
			buildConfigurations = (
				D7837CFF231E8FF300B6926C /* Debug */,
				D7837D00231E8FF300B6926C /* Release */,
			);
			defaultConfigurationIsVisible = 0;
			defaultConfigurationName = Release;
		};
		D7837D01231E8FF300B6926C /* Build configuration list for PBXNativeTarget "SightTourInMelbourne" */ = {
			isa = XCConfigurationList;
			buildConfigurations = (
				D7837D02231E8FF300B6926C /* Debug */,
				D7837D03231E8FF300B6926C /* Release */,
			);
			defaultConfigurationIsVisible = 0;
			defaultConfigurationName = Release;
		};
/* End XCConfigurationList section */

/* Begin XCVersionGroup section */
		D7E33242231FC75D0080801A /* SightTourInMelbourne.xcdatamodeld */ = {
			isa = XCVersionGroup;
			children = (
				D7E33243231FC75D0080801A /* SightTourInMelbourne.xcdatamodel */,
			);
			currentVersion = D7E33243231FC75D0080801A /* SightTourInMelbourne.xcdatamodel */;
			path = SightTourInMelbourne.xcdatamodeld;
			sourceTree = "<group>";
			versionGroupType = wrapper.xcdatamodel;
		};
/* End XCVersionGroup section */
	};
	rootObject = D7837CE4231E8FF200B6926C /* Project object */;
}
